// !$*UTF8*$!
{
	archiveVersion = 1;
	classes = {
	};
	objectVersion = 56;
	objects = {

/* Begin PBXBuildFile section */
		012888512BB00A17006D7D03 /* CarsCustomCell.swift in Sources */ = {isa = PBXBuildFile; fileRef = 012888502BB00A17006D7D03 /* CarsCustomCell.swift */; };
		0173B7392BA5EB5D003CB472 /* Extension.swift in Sources */ = {isa = PBXBuildFile; fileRef = 0173B7382BA5EB5D003CB472 /* Extension.swift */; };
		017FBF192BA5CC930017F3C8 /* AppDelegate.swift in Sources */ = {isa = PBXBuildFile; fileRef = 017FBF182BA5CC930017F3C8 /* AppDelegate.swift */; };
		017FBF1B2BA5CC930017F3C8 /* SceneDelegate.swift in Sources */ = {isa = PBXBuildFile; fileRef = 017FBF1A2BA5CC930017F3C8 /* SceneDelegate.swift */; };
		017FBF1D2BA5CC930017F3C8 /* StatringViewController.swift in Sources */ = {isa = PBXBuildFile; fileRef = 017FBF1C2BA5CC930017F3C8 /* StatringViewController.swift */; };
		017FBF222BA5CC940017F3C8 /* Assets.xcassets in Resources */ = {isa = PBXBuildFile; fileRef = 017FBF212BA5CC940017F3C8 /* Assets.xcassets */; };
		017FBF252BA5CC940017F3C8 /* Base in Resources */ = {isa = PBXBuildFile; fileRef = 017FBF242BA5CC940017F3C8 /* Base */; };
		017FBF312BA5D7B00017F3C8 /* MainViewController.swift in Sources */ = {isa = PBXBuildFile; fileRef = 017FBF302BA5D7B00017F3C8 /* MainViewController.swift */; };
		017FBF332BA5DEBD0017F3C8 /* FavoritesViewController.swift in Sources */ = {isa = PBXBuildFile; fileRef = 017FBF322BA5DEBD0017F3C8 /* FavoritesViewController.swift */; };
		017FBF352BA5DF0D0017F3C8 /* AdvertisementsViewController.swift in Sources */ = {isa = PBXBuildFile; fileRef = 017FBF342BA5DF0D0017F3C8 /* AdvertisementsViewController.swift */; };
		017FBF372BA5DF3F0017F3C8 /* DialoguesViewController.swift in Sources */ = {isa = PBXBuildFile; fileRef = 017FBF362BA5DF3F0017F3C8 /* DialoguesViewController.swift */; };
		017FBF392BA5DF600017F3C8 /* OtherViewController.swift in Sources */ = {isa = PBXBuildFile; fileRef = 017FBF382BA5DF600017F3C8 /* OtherViewController.swift */; };
		017FBF3B2BA5E9700017F3C8 /* Source-TabBarController.swift in Sources */ = {isa = PBXBuildFile; fileRef = 017FBF3A2BA5E9700017F3C8 /* Source-TabBarController.swift */; };
/* End PBXBuildFile section */

/* Begin PBXFileReference section */
		012888502BB00A17006D7D03 /* CarsCustomCell.swift */ = {isa = PBXFileReference; lastKnownFileType = sourcecode.swift; path = CarsCustomCell.swift; sourceTree = "<group>"; };
		0173B7382BA5EB5D003CB472 /* Extension.swift */ = {isa = PBXFileReference; lastKnownFileType = sourcecode.swift; path = Extension.swift; sourceTree = "<group>"; };
		017FBF152BA5CC930017F3C8 /* AVBYProject.app */ = {isa = PBXFileReference; explicitFileType = wrapper.application; includeInIndex = 0; path = AVBYProject.app; sourceTree = BUILT_PRODUCTS_DIR; };
		017FBF182BA5CC930017F3C8 /* AppDelegate.swift */ = {isa = PBXFileReference; lastKnownFileType = sourcecode.swift; path = AppDelegate.swift; sourceTree = "<group>"; };
		017FBF1A2BA5CC930017F3C8 /* SceneDelegate.swift */ = {isa = PBXFileReference; lastKnownFileType = sourcecode.swift; path = SceneDelegate.swift; sourceTree = "<group>"; };
		017FBF1C2BA5CC930017F3C8 /* StatringViewController.swift */ = {isa = PBXFileReference; lastKnownFileType = sourcecode.swift; path = StatringViewController.swift; sourceTree = "<group>"; };
		017FBF212BA5CC940017F3C8 /* Assets.xcassets */ = {isa = PBXFileReference; lastKnownFileType = folder.assetcatalog; path = Assets.xcassets; sourceTree = "<group>"; };
		017FBF242BA5CC940017F3C8 /* Base */ = {isa = PBXFileReference; lastKnownFileType = file.storyboard; name = Base; path = Base.lproj/LaunchScreen.storyboard; sourceTree = "<group>"; };
		017FBF262BA5CC940017F3C8 /* Info.plist */ = {isa = PBXFileReference; lastKnownFileType = text.plist.xml; path = Info.plist; sourceTree = "<group>"; };
		017FBF302BA5D7B00017F3C8 /* MainViewController.swift */ = {isa = PBXFileReference; lastKnownFileType = sourcecode.swift; path = MainViewController.swift; sourceTree = "<group>"; };
		017FBF322BA5DEBD0017F3C8 /* FavoritesViewController.swift */ = {isa = PBXFileReference; lastKnownFileType = sourcecode.swift; path = FavoritesViewController.swift; sourceTree = "<group>"; };
		017FBF342BA5DF0D0017F3C8 /* AdvertisementsViewController.swift */ = {isa = PBXFileReference; lastKnownFileType = sourcecode.swift; path = AdvertisementsViewController.swift; sourceTree = "<group>"; };
		017FBF362BA5DF3F0017F3C8 /* DialoguesViewController.swift */ = {isa = PBXFileReference; lastKnownFileType = sourcecode.swift; path = DialoguesViewController.swift; sourceTree = "<group>"; };
		017FBF382BA5DF600017F3C8 /* OtherViewController.swift */ = {isa = PBXFileReference; lastKnownFileType = sourcecode.swift; path = OtherViewController.swift; sourceTree = "<group>"; };
		017FBF3A2BA5E9700017F3C8 /* Source-TabBarController.swift */ = {isa = PBXFileReference; lastKnownFileType = sourcecode.swift; path = "Source-TabBarController.swift"; sourceTree = "<group>"; };
/* End PBXFileReference section */

/* Begin PBXFrameworksBuildPhase section */
		017FBF122BA5CC930017F3C8 /* Frameworks */ = {
			isa = PBXFrameworksBuildPhase;
			buildActionMask = 2147483647;
			files = (
			);
			runOnlyForDeploymentPostprocessing = 0;
		};
/* End PBXFrameworksBuildPhase section */

/* Begin PBXGroup section */
		0128884F2BB00461006D7D03 /* Cells */ = {
			isa = PBXGroup;
			children = (
				012888502BB00A17006D7D03 /* CarsCustomCell.swift */,
			);
			path = Cells;
			sourceTree = "<group>";
		};
		0173B73A2BA5EC07003CB472 /* Extension */ = {
			isa = PBXGroup;
			children = (
				0173B7382BA5EB5D003CB472 /* Extension.swift */,
			);
			path = Extension;
			sourceTree = "<group>";
		};
		017FBF0C2BA5CC930017F3C8 = {
			isa = PBXGroup;
			children = (
				017FBF172BA5CC930017F3C8 /* AVBYProject */,
				017FBF162BA5CC930017F3C8 /* Products */,
			);
			sourceTree = "<group>";
		};
		017FBF162BA5CC930017F3C8 /* Products */ = {
			isa = PBXGroup;
			children = (
				017FBF152BA5CC930017F3C8 /* AVBYProject.app */,
			);
			name = Products;
			sourceTree = "<group>";
		};
		017FBF172BA5CC930017F3C8 /* AVBYProject */ = {
			isa = PBXGroup;
			children = (
				017FBF2C2BA5CF0A0017F3C8 /* Application */,
				017FBF2F2BA5CF570017F3C8 /* Models */,
				017FBF2D2BA5CF280017F3C8 /* Sources */,
				017FBF2E2BA5CF3B0017F3C8 /* ViewControllers */,
			);
			path = AVBYProject;
			sourceTree = "<group>";
		};
		017FBF2C2BA5CF0A0017F3C8 /* Application */ = {
			isa = PBXGroup;
			children = (
				017FBF182BA5CC930017F3C8 /* AppDelegate.swift */,
				017FBF1A2BA5CC930017F3C8 /* SceneDelegate.swift */,
			);
			path = Application;
			sourceTree = "<group>";
		};
		017FBF2D2BA5CF280017F3C8 /* Sources */ = {
			isa = PBXGroup;
			children = (
				017FBF212BA5CC940017F3C8 /* Assets.xcassets */,
				017FBF232BA5CC940017F3C8 /* LaunchScreen.storyboard */,
				017FBF262BA5CC940017F3C8 /* Info.plist */,
			);
			path = Sources;
			sourceTree = "<group>";
		};
		017FBF2E2BA5CF3B0017F3C8 /* ViewControllers */ = {
			isa = PBXGroup;
			children = (
				0128884F2BB00461006D7D03 /* Cells */,
				0173B73A2BA5EC07003CB472 /* Extension */,
				017FBF1C2BA5CC930017F3C8 /* StatringViewController.swift */,
				017FBF302BA5D7B00017F3C8 /* MainViewController.swift */,
				017FBF322BA5DEBD0017F3C8 /* FavoritesViewController.swift */,
				017FBF342BA5DF0D0017F3C8 /* AdvertisementsViewController.swift */,
				017FBF362BA5DF3F0017F3C8 /* DialoguesViewController.swift */,
				017FBF382BA5DF600017F3C8 /* OtherViewController.swift */,
				017FBF3A2BA5E9700017F3C8 /* Source-TabBarController.swift */,
			);
			path = ViewControllers;
			sourceTree = "<group>";
		};
		017FBF2F2BA5CF570017F3C8 /* Models */ = {
			isa = PBXGroup;
			children = (
			);
			path = Models;
			sourceTree = "<group>";
		};
/* End PBXGroup section */

/* Begin PBXNativeTarget section */
		017FBF142BA5CC930017F3C8 /* AVBYProject */ = {
			isa = PBXNativeTarget;
			buildConfigurationList = 017FBF292BA5CC940017F3C8 /* Build configuration list for PBXNativeTarget "AVBYProject" */;
			buildPhases = (
				017FBF112BA5CC930017F3C8 /* Sources */,
				017FBF122BA5CC930017F3C8 /* Frameworks */,
				017FBF132BA5CC930017F3C8 /* Resources */,
			);
			buildRules = (
			);
			dependencies = (
			);
			name = AVBYProject;
			productName = AVBYProject;
			productReference = 017FBF152BA5CC930017F3C8 /* AVBYProject.app */;
			productType = "com.apple.product-type.application";
		};
/* End PBXNativeTarget section */

/* Begin PBXProject section */
		017FBF0D2BA5CC930017F3C8 /* Project object */ = {
			isa = PBXProject;
			attributes = {
				BuildIndependentTargetsInParallel = 1;
				LastSwiftUpdateCheck = 1530;
				LastUpgradeCheck = 1530;
				TargetAttributes = {
					017FBF142BA5CC930017F3C8 = {
						CreatedOnToolsVersion = 15.3;
					};
				};
			};
			buildConfigurationList = 017FBF102BA5CC930017F3C8 /* Build configuration list for PBXProject "AVBYProject" */;
			compatibilityVersion = "Xcode 14.0";
			developmentRegion = en;
			hasScannedForEncodings = 0;
			knownRegions = (
				en,
				Base,
			);
			mainGroup = 017FBF0C2BA5CC930017F3C8;
			productRefGroup = 017FBF162BA5CC930017F3C8 /* Products */;
			projectDirPath = "";
			projectRoot = "";
			targets = (
				017FBF142BA5CC930017F3C8 /* AVBYProject */,
			);
		};
/* End PBXProject section */

/* Begin PBXResourcesBuildPhase section */
		017FBF132BA5CC930017F3C8 /* Resources */ = {
			isa = PBXResourcesBuildPhase;
			buildActionMask = 2147483647;
			files = (
				017FBF222BA5CC940017F3C8 /* Assets.xcassets in Resources */,
				017FBF252BA5CC940017F3C8 /* Base in Resources */,
			);
			runOnlyForDeploymentPostprocessing = 0;
		};
/* End PBXResourcesBuildPhase section */

/* Begin PBXSourcesBuildPhase section */
		017FBF112BA5CC930017F3C8 /* Sources */ = {
			isa = PBXSourcesBuildPhase;
			buildActionMask = 2147483647;
			files = (
				017FBF1D2BA5CC930017F3C8 /* StatringViewController.swift in Sources */,
				017FBF372BA5DF3F0017F3C8 /* DialoguesViewController.swift in Sources */,
				017FBF192BA5CC930017F3C8 /* AppDelegate.swift in Sources */,
				017FBF352BA5DF0D0017F3C8 /* AdvertisementsViewController.swift in Sources */,
				017FBF1B2BA5CC930017F3C8 /* SceneDelegate.swift in Sources */,
				0173B7392BA5EB5D003CB472 /* Extension.swift in Sources */,
				012888512BB00A17006D7D03 /* CarsCustomCell.swift in Sources */,
				017FBF392BA5DF600017F3C8 /* OtherViewController.swift in Sources */,
				017FBF332BA5DEBD0017F3C8 /* FavoritesViewController.swift in Sources */,
				017FBF3B2BA5E9700017F3C8 /* Source-TabBarController.swift in Sources */,
				017FBF312BA5D7B00017F3C8 /* MainViewController.swift in Sources */,
			);
			runOnlyForDeploymentPostprocessing = 0;
		};
/* End PBXSourcesBuildPhase section */

/* Begin PBXVariantGroup section */
		017FBF232BA5CC940017F3C8 /* LaunchScreen.storyboard */ = {
			isa = PBXVariantGroup;
			children = (
				017FBF242BA5CC940017F3C8 /* Base */,
			);
			name = LaunchScreen.storyboard;
			sourceTree = "<group>";
		};
/* End PBXVariantGroup section */

/* Begin XCBuildConfiguration section */
		017FBF272BA5CC940017F3C8 /* Debug */ = {
			isa = XCBuildConfiguration;
			buildSettings = {
				ALWAYS_SEARCH_USER_PATHS = NO;
				ASSETCATALOG_COMPILER_GENERATE_SWIFT_ASSET_SYMBOL_EXTENSIONS = YES;
				CLANG_ANALYZER_NONNULL = YES;
				CLANG_ANALYZER_NUMBER_OBJECT_CONVERSION = YES_AGGRESSIVE;
				CLANG_CXX_LANGUAGE_STANDARD = "gnu++20";
				CLANG_ENABLE_MODULES = YES;
				CLANG_ENABLE_OBJC_ARC = YES;
				CLANG_ENABLE_OBJC_WEAK = YES;
				CLANG_WARN_BLOCK_CAPTURE_AUTORELEASING = YES;
				CLANG_WARN_BOOL_CONVERSION = YES;
				CLANG_WARN_COMMA = YES;
				CLANG_WARN_CONSTANT_CONVERSION = YES;
				CLANG_WARN_DEPRECATED_OBJC_IMPLEMENTATIONS = YES;
				CLANG_WARN_DIRECT_OBJC_ISA_USAGE = YES_ERROR;
				CLANG_WARN_DOCUMENTATION_COMMENTS = YES;
				CLANG_WARN_EMPTY_BODY = YES;
				CLANG_WARN_ENUM_CONVERSION = YES;
				CLANG_WARN_INFINITE_RECURSION = YES;
				CLANG_WARN_INT_CONVERSION = YES;
				CLANG_WARN_NON_LITERAL_NULL_CONVERSION = YES;
				CLANG_WARN_OBJC_IMPLICIT_RETAIN_SELF = YES;
				CLANG_WARN_OBJC_LITERAL_CONVERSION = YES;
				CLANG_WARN_OBJC_ROOT_CLASS = YES_ERROR;
				CLANG_WARN_QUOTED_INCLUDE_IN_FRAMEWORK_HEADER = YES;
				CLANG_WARN_RANGE_LOOP_ANALYSIS = YES;
				CLANG_WARN_STRICT_PROTOTYPES = YES;
				CLANG_WARN_SUSPICIOUS_MOVE = YES;
				CLANG_WARN_UNGUARDED_AVAILABILITY = YES_AGGRESSIVE;
				CLANG_WARN_UNREACHABLE_CODE = YES;
				CLANG_WARN__DUPLICATE_METHOD_MATCH = YES;
				COPY_PHASE_STRIP = NO;
				DEBUG_INFORMATION_FORMAT = dwarf;
				ENABLE_STRICT_OBJC_MSGSEND = YES;
				ENABLE_TESTABILITY = YES;
				ENABLE_USER_SCRIPT_SANDBOXING = YES;
				GCC_C_LANGUAGE_STANDARD = gnu17;
				GCC_DYNAMIC_NO_PIC = NO;
				GCC_NO_COMMON_BLOCKS = YES;
				GCC_OPTIMIZATION_LEVEL = 0;
				GCC_PREPROCESSOR_DEFINITIONS = (
					"DEBUG=1",
					"$(inherited)",
				);
				GCC_WARN_64_TO_32_BIT_CONVERSION = YES;
				GCC_WARN_ABOUT_RETURN_TYPE = YES_ERROR;
				GCC_WARN_UNDECLARED_SELECTOR = YES;
				GCC_WARN_UNINITIALIZED_AUTOS = YES_AGGRESSIVE;
				GCC_WARN_UNUSED_FUNCTION = YES;
				GCC_WARN_UNUSED_VARIABLE = YES;
				IPHONEOS_DEPLOYMENT_TARGET = 17.4;
				LOCALIZATION_PREFERS_STRING_CATALOGS = YES;
				MTL_ENABLE_DEBUG_INFO = INCLUDE_SOURCE;
				MTL_FAST_MATH = YES;
				ONLY_ACTIVE_ARCH = YES;
				SDKROOT = iphoneos;
				SWIFT_ACTIVE_COMPILATION_CONDITIONS = "DEBUG $(inherited)";
				SWIFT_OPTIMIZATION_LEVEL = "-Onone";
			};
			name = Debug;
		};
		017FBF282BA5CC940017F3C8 /* Release */ = {
			isa = XCBuildConfiguration;
			buildSettings = {
				ALWAYS_SEARCH_USER_PATHS = NO;
				ASSETCATALOG_COMPILER_GENERATE_SWIFT_ASSET_SYMBOL_EXTENSIONS = YES;
				CLANG_ANALYZER_NONNULL = YES;
				CLANG_ANALYZER_NUMBER_OBJECT_CONVERSION = YES_AGGRESSIVE;
				CLANG_CXX_LANGUAGE_STANDARD = "gnu++20";
				CLANG_ENABLE_MODULES = YES;
				CLANG_ENABLE_OBJC_ARC = YES;
				CLANG_ENABLE_OBJC_WEAK = YES;
				CLANG_WARN_BLOCK_CAPTURE_AUTORELEASING = YES;
				CLANG_WARN_BOOL_CONVERSION = YES;
				CLANG_WARN_COMMA = YES;
				CLANG_WARN_CONSTANT_CONVERSION = YES;
				CLANG_WARN_DEPRECATED_OBJC_IMPLEMENTATIONS = YES;
				CLANG_WARN_DIRECT_OBJC_ISA_USAGE = YES_ERROR;
				CLANG_WARN_DOCUMENTATION_COMMENTS = YES;
				CLANG_WARN_EMPTY_BODY = YES;
				CLANG_WARN_ENUM_CONVERSION = YES;
				CLANG_WARN_INFINITE_RECURSION = YES;
				CLANG_WARN_INT_CONVERSION = YES;
				CLANG_WARN_NON_LITERAL_NULL_CONVERSION = YES;
				CLANG_WARN_OBJC_IMPLICIT_RETAIN_SELF = YES;
				CLANG_WARN_OBJC_LITERAL_CONVERSION = YES;
				CLANG_WARN_OBJC_ROOT_CLASS = YES_ERROR;
				CLANG_WARN_QUOTED_INCLUDE_IN_FRAMEWORK_HEADER = YES;
				CLANG_WARN_RANGE_LOOP_ANALYSIS = YES;
				CLANG_WARN_STRICT_PROTOTYPES = YES;
				CLANG_WARN_SUSPICIOUS_MOVE = YES;
				CLANG_WARN_UNGUARDED_AVAILABILITY = YES_AGGRESSIVE;
				CLANG_WARN_UNREACHABLE_CODE = YES;
				CLANG_WARN__DUPLICATE_METHOD_MATCH = YES;
				COPY_PHASE_STRIP = NO;
				DEBUG_INFORMATION_FORMAT = "dwarf-with-dsym";
				ENABLE_NS_ASSERTIONS = NO;
				ENABLE_STRICT_OBJC_MSGSEND = YES;
				ENABLE_USER_SCRIPT_SANDBOXING = YES;
				GCC_C_LANGUAGE_STANDARD = gnu17;
				GCC_NO_COMMON_BLOCKS = YES;
				GCC_WARN_64_TO_32_BIT_CONVERSION = YES;
				GCC_WARN_ABOUT_RETURN_TYPE = YES_ERROR;
				GCC_WARN_UNDECLARED_SELECTOR = YES;
				GCC_WARN_UNINITIALIZED_AUTOS = YES_AGGRESSIVE;
				GCC_WARN_UNUSED_FUNCTION = YES;
				GCC_WARN_UNUSED_VARIABLE = YES;
				IPHONEOS_DEPLOYMENT_TARGET = 17.4;
				LOCALIZATION_PREFERS_STRING_CATALOGS = YES;
				MTL_ENABLE_DEBUG_INFO = NO;
				MTL_FAST_MATH = YES;
				SDKROOT = iphoneos;
				SWIFT_COMPILATION_MODE = wholemodule;
				VALIDATE_PRODUCT = YES;
			};
			name = Release;
		};
		017FBF2A2BA5CC940017F3C8 /* Debug */ = {
			isa = XCBuildConfiguration;
			buildSettings = {
				ASSETCATALOG_COMPILER_APPICON_NAME = AppIcon;
				ASSETCATALOG_COMPILER_GLOBAL_ACCENT_COLOR_NAME = AccentColor;
				CODE_SIGN_STYLE = Automatic;
				CURRENT_PROJECT_VERSION = 1;
				DEVELOPMENT_TEAM = Y34PWYMPM8;
				GENERATE_INFOPLIST_FILE = YES;
				INFOPLIST_FILE = AVBYProject/Sources/Info.plist;
				INFOPLIST_KEY_UIApplicationSupportsIndirectInputEvents = YES;
				INFOPLIST_KEY_UILaunchStoryboardName = LaunchScreen;
				INFOPLIST_KEY_UISupportedInterfaceOrientations_iPad = "UIInterfaceOrientationPortrait UIInterfaceOrientationPortraitUpsideDown UIInterfaceOrientationLandscapeLeft UIInterfaceOrientationLandscapeRight";
				INFOPLIST_KEY_UISupportedInterfaceOrientations_iPhone = "UIInterfaceOrientationPortrait UIInterfaceOrientationLandscapeLeft UIInterfaceOrientationLandscapeRight";
				LD_RUNPATH_SEARCH_PATHS = (
					"$(inherited)",
					"@executable_path/Frameworks",
				);
				MARKETING_VERSION = 1.0;
				PRODUCT_BUNDLE_IDENTIFIER = Folyak.AVBYProject;
				PRODUCT_NAME = "$(TARGET_NAME)";
				SWIFT_EMIT_LOC_STRINGS = YES;
				SWIFT_VERSION = 5.0;
				TARGETED_DEVICE_FAMILY = "1,2";
			};
			name = Debug;
		};
		017FBF2B2BA5CC940017F3C8 /* Release */ = {
			isa = XCBuildConfiguration;
			buildSettings = {
				ASSETCATALOG_COMPILER_APPICON_NAME = AppIcon;
				ASSETCATALOG_COMPILER_GLOBAL_ACCENT_COLOR_NAME = AccentColor;
				CODE_SIGN_STYLE = Automatic;
				CURRENT_PROJECT_VERSION = 1;
				DEVELOPMENT_TEAM = Y34PWYMPM8;
				GENERATE_INFOPLIST_FILE = YES;
				INFOPLIST_FILE = AVBYProject/Sources/Info.plist;
				INFOPLIST_KEY_UIApplicationSupportsIndirectInputEvents = YES;
				INFOPLIST_KEY_UILaunchStoryboardName = LaunchScreen;
				INFOPLIST_KEY_UISupportedInterfaceOrientations_iPad = "UIInterfaceOrientationPortrait UIInterfaceOrientationPortraitUpsideDown UIInterfaceOrientationLandscapeLeft UIInterfaceOrientationLandscapeRight";
				INFOPLIST_KEY_UISupportedInterfaceOrientations_iPhone = "UIInterfaceOrientationPortrait UIInterfaceOrientationLandscapeLeft UIInterfaceOrientationLandscapeRight";
				LD_RUNPATH_SEARCH_PATHS = (
					"$(inherited)",
					"@executable_path/Frameworks",
				);
				MARKETING_VERSION = 1.0;
				PRODUCT_BUNDLE_IDENTIFIER = Folyak.AVBYProject;
				PRODUCT_NAME = "$(TARGET_NAME)";
				SWIFT_EMIT_LOC_STRINGS = YES;
				SWIFT_VERSION = 5.0;
				TARGETED_DEVICE_FAMILY = "1,2";
			};
			name = Release;
		};
/* End XCBuildConfiguration section */

/* Begin XCConfigurationList section */
		017FBF102BA5CC930017F3C8 /* Build configuration list for PBXProject "AVBYProject" */ = {
			isa = XCConfigurationList;
			buildConfigurations = (
				017FBF272BA5CC940017F3C8 /* Debug */,
				017FBF282BA5CC940017F3C8 /* Release */,
			);
			defaultConfigurationIsVisible = 0;
			defaultConfigurationName = Release;
		};
		017FBF292BA5CC940017F3C8 /* Build configuration list for PBXNativeTarget "AVBYProject" */ = {
			isa = XCConfigurationList;
			buildConfigurations = (
				017FBF2A2BA5CC940017F3C8 /* Debug */,
				017FBF2B2BA5CC940017F3C8 /* Release */,
			);
			defaultConfigurationIsVisible = 0;
			defaultConfigurationName = Release;
		};
/* End XCConfigurationList section */
	};
	rootObject = 017FBF0D2BA5CC930017F3C8 /* Project object */;
}
